
Microsoft Visual Studio Solution File, Format Version 12.00
# Visual Studio Version 17
VisualStudioVersion = 17.13.35806.99 d17.13
MinimumVisualStudioVersion = 10.0.40219.1
Project("{FAE04EC0-301F-11D3-BF4B-00C04F79EFBC}") = "Test_TRPO_Commit", "Test_TRPO_Commit\Test_TRPO_Commit.csproj", "{2634CFA0-E08B-4C7F-8664-A628F46520CC}"
EndProject
Global
	GlobalSection(SolutionConfigurationPlatforms) = preSolution
		Debug|Any CPU = Debug|Any CPU
		Release|Any CPU = Release|Any CPU
	EndGlobalSection
	GlobalSection(ProjectConfigurationPlatforms) = postSolution
		{2634CFA0-E08B-4C7F-8664-A628F46520CC}.Debug|Any CPU.ActiveCfg = Debug|Any CPU
		{2634CFA0-E08B-4C7F-8664-A628F46520CC}.Debug|Any CPU.Build.0 = Debug|Any CPU
		{2634CFA0-E08B-4C7F-8664-A628F46520CC}.Release|Any CPU.ActiveCfg = Release|Any CPU
		{2634CFA0-E08B-4C7F-8664-A628F46520CC}.Release|Any CPU.Build.0 = Release|Any CPU
	EndGlobalSection
	GlobalSection(SolutionProperties) = preSolution
		HideSolutionNode = FALSE
	EndGlobalSection
	GlobalSection(ExtensibilityGlobals) = postSolution
		SolutionGuid = {6A0522D0-3BE6-4F89-A3C8-96F97A86CF81}
	EndGlobalSection
EndGlobal
